{
  "requires": true,
  "lockfileVersion": 1,
  "dependencies": {
    "isexe": {
      "version": "2.0.0",
      "resolved": "https://registry.npmjs.org/isexe/-/isexe-2.0.0.tgz",
      "integrity": "sha512-RHxMLp9lnKHGHRng9QFhRCMbYAcVpn69smSGcq3f36xjgVVWThj4qqLbTLlq7Ssj8B+fIQ1EuCEGI2lKsyQeIw=="
    },
    "vagrant": {
      "version": "0.0.1",
      "resolved": "https://registry.npmjs.org/vagrant/-/vagrant-0.0.1.tgz",
      "integrity": "sha512-iSHEJufImYQ0ddB7SplRGPk4aMRKJnuqBcgElrbS7WYUoX4Gtc1f5Wv8Y5BXzDsHH2hiHWy2e8whgMq9R9YyfQ==",
      "requires": {
        "which": "*"
      }
    },
    "which": {
      "version": "3.0.1",
      "resolved": "https://registry.npmjs.org/which/-/which-3.0.1.tgz",
      "integrity": "sha512-XA1b62dzQzLfaEOSQFTCOd5KFf/1VSzZo7/7TUjnya6u0vGGKzU96UQBZTAThCb2j4/xjBAyii1OhRLJEivHvg==",
      "requires": {
        "isexe": "^2.0.0"
      }
    }
  }
}
